
Microsoft Visual Studio Solution File, Format Version 12.00
# Visual Studio Version 16
VisualStudioVersion = 16.0.30011.22
MinimumVisualStudioVersion = 10.0.40219.1
Project("{FAE04EC0-301F-11D3-BF4B-00C04F79EFBC}") = "DataReaderExample", "DataReaderExample\DataReaderExample.csproj", "{1E51FCD9-00A0-4CBE-BED8-9CAEBE6634FD}"
EndProject
Project("{FAE04EC0-301F-11D3-BF4B-00C04F79EFBC}") = "TransactionExample", "TransactionExample\TransactionExample.csproj", "{AF84630E-F79B-4744-813E-A33F262CA96F}"
EndProject
Project("{FAE04EC0-301F-11D3-BF4B-00C04F79EFBC}") = "DataSetExample", "DataSetExample\DataSetExample.csproj", "{7FD5BC65-99A8-41A3-A8ED-32DC8FCF1618}"
EndProject
Project("{FAE04EC0-301F-11D3-BF4B-00C04F79EFBC}") = "RowStateExample", "RowStateExample\RowStateExample.csproj", "{56C68866-B5EE-4150-A1F1-EC28A75C0179}"
EndProject
Project("{FAE04EC0-301F-11D3-BF4B-00C04F79EFBC}") = "DataAdapter", "DataAdapter\DataAdapter.csproj", "{92B5D079-9A89-48A0-BE17-78F50B3A48EA}"
EndProject
Project("{FAE04EC0-301F-11D3-BF4B-00C04F79EFBC}") = "OleDbAccessExample", "OleDbAccessExample\OleDbAccessExample.csproj", "{81EC0502-46D9-494D-97DB-758BCAB5B68B}"
EndProject
Project("{FAE04EC0-301F-11D3-BF4B-00C04F79EFBC}") = "OleDbAccessDataSetExample", "OleDbAccessDataSetExample\OleDbAccessDataSetExample.csproj", "{4B4E9743-DD8F-4EE1-82E9-A67D8E6581BD}"
EndProject
Project("{FAE04EC0-301F-11D3-BF4B-00C04F79EFBC}") = "ExportXml", "ExportXml\ExportXml.csproj", "{FFECD8F9-D8F2-4DCF-8C3D-811F1B7C45EB}"
EndProject
Project("{FAE04EC0-301F-11D3-BF4B-00C04F79EFBC}") = "MarsExample", "MarsExample\MarsExample.csproj", "{F555DC29-9FF8-454B-8AC7-B7CA9B7CD1F5}"
EndProject
Project("{FAE04EC0-301F-11D3-BF4B-00C04F79EFBC}") = "DataViewExample", "DataViewExample\DataViewExample.csproj", "{FFFB2DBB-3B2B-43F4-801B-325FE666659F}"
EndProject
Project("{FAE04EC0-301F-11D3-BF4B-00C04F79EFBC}") = "DataGridBindingDataTable", "DataGridBindingDataTable\DataGridBindingDataTable.csproj", "{0107499D-F160-46E2-AF0C-7DB57B090FC8}"
EndProject
Project("{FAE04EC0-301F-11D3-BF4B-00C04F79EFBC}") = "TypedDataSet", "TypedDataSet\TypedDataSet.csproj", "{7A9A7BBE-A135-4EF6-8541-BA031BC3FCC3}"
EndProject
Global
	GlobalSection(SolutionConfigurationPlatforms) = preSolution
		Debug|Any CPU = Debug|Any CPU
		Debug|x86 = Debug|x86
		Release|Any CPU = Release|Any CPU
		Release|x86 = Release|x86
	EndGlobalSection
	GlobalSection(ProjectConfigurationPlatforms) = postSolution
		{1E51FCD9-00A0-4CBE-BED8-9CAEBE6634FD}.Debug|Any CPU.ActiveCfg = Debug|Any CPU
		{1E51FCD9-00A0-4CBE-BED8-9CAEBE6634FD}.Debug|Any CPU.Build.0 = Debug|Any CPU
		{1E51FCD9-00A0-4CBE-BED8-9CAEBE6634FD}.Debug|x86.ActiveCfg = Debug|Any CPU
		{1E51FCD9-00A0-4CBE-BED8-9CAEBE6634FD}.Debug|x86.Build.0 = Debug|Any CPU
		{1E51FCD9-00A0-4CBE-BED8-9CAEBE6634FD}.Release|Any CPU.ActiveCfg = Release|Any CPU
		{1E51FCD9-00A0-4CBE-BED8-9CAEBE6634FD}.Release|Any CPU.Build.0 = Release|Any CPU
		{1E51FCD9-00A0-4CBE-BED8-9CAEBE6634FD}.Release|x86.ActiveCfg = Release|Any CPU
		{1E51FCD9-00A0-4CBE-BED8-9CAEBE6634FD}.Release|x86.Build.0 = Release|Any CPU
		{AF84630E-F79B-4744-813E-A33F262CA96F}.Debug|Any CPU.ActiveCfg = Debug|Any CPU
		{AF84630E-F79B-4744-813E-A33F262CA96F}.Debug|Any CPU.Build.0 = Debug|Any CPU
		{AF84630E-F79B-4744-813E-A33F262CA96F}.Debug|x86.ActiveCfg = Debug|Any CPU
		{AF84630E-F79B-4744-813E-A33F262CA96F}.Debug|x86.Build.0 = Debug|Any CPU
		{AF84630E-F79B-4744-813E-A33F262CA96F}.Release|Any CPU.ActiveCfg = Release|Any CPU
		{AF84630E-F79B-4744-813E-A33F262CA96F}.Release|Any CPU.Build.0 = Release|Any CPU
		{AF84630E-F79B-4744-813E-A33F262CA96F}.Release|x86.ActiveCfg = Release|Any CPU
		{AF84630E-F79B-4744-813E-A33F262CA96F}.Release|x86.Build.0 = Release|Any CPU
		{7FD5BC65-99A8-41A3-A8ED-32DC8FCF1618}.Debug|Any CPU.ActiveCfg = Debug|Any CPU
		{7FD5BC65-99A8-41A3-A8ED-32DC8FCF1618}.Debug|Any CPU.Build.0 = Debug|Any CPU
		{7FD5BC65-99A8-41A3-A8ED-32DC8FCF1618}.Debug|x86.ActiveCfg = Debug|Any CPU
		{7FD5BC65-99A8-41A3-A8ED-32DC8FCF1618}.Debug|x86.Build.0 = Debug|Any CPU
		{7FD5BC65-99A8-41A3-A8ED-32DC8FCF1618}.Release|Any CPU.ActiveCfg = Release|Any CPU
		{7FD5BC65-99A8-41A3-A8ED-32DC8FCF1618}.Release|Any CPU.Build.0 = Release|Any CPU
		{7FD5BC65-99A8-41A3-A8ED-32DC8FCF1618}.Release|x86.ActiveCfg = Release|Any CPU
		{7FD5BC65-99A8-41A3-A8ED-32DC8FCF1618}.Release|x86.Build.0 = Release|Any CPU
		{56C68866-B5EE-4150-A1F1-EC28A75C0179}.Debug|Any CPU.ActiveCfg = Debug|Any CPU
		{56C68866-B5EE-4150-A1F1-EC28A75C0179}.Debug|Any CPU.Build.0 = Debug|Any CPU
		{56C68866-B5EE-4150-A1F1-EC28A75C0179}.Debug|x86.ActiveCfg = Debug|Any CPU
		{56C68866-B5EE-4150-A1F1-EC28A75C0179}.Debug|x86.Build.0 = Debug|Any CPU
		{56C68866-B5EE-4150-A1F1-EC28A75C0179}.Release|Any CPU.ActiveCfg = Release|Any CPU
		{56C68866-B5EE-4150-A1F1-EC28A75C0179}.Release|Any CPU.Build.0 = Release|Any CPU
		{56C68866-B5EE-4150-A1F1-EC28A75C0179}.Release|x86.ActiveCfg = Release|Any CPU
		{56C68866-B5EE-4150-A1F1-EC28A75C0179}.Release|x86.Build.0 = Release|Any CPU
		{92B5D079-9A89-48A0-BE17-78F50B3A48EA}.Debug|Any CPU.ActiveCfg = Debug|Any CPU
		{92B5D079-9A89-48A0-BE17-78F50B3A48EA}.Debug|Any CPU.Build.0 = Debug|Any CPU
		{92B5D079-9A89-48A0-BE17-78F50B3A48EA}.Debug|x86.ActiveCfg = Debug|Any CPU
		{92B5D079-9A89-48A0-BE17-78F50B3A48EA}.Debug|x86.Build.0 = Debug|Any CPU
		{92B5D079-9A89-48A0-BE17-78F50B3A48EA}.Release|Any CPU.ActiveCfg = Release|Any CPU
		{92B5D079-9A89-48A0-BE17-78F50B3A48EA}.Release|Any CPU.Build.0 = Release|Any CPU
		{92B5D079-9A89-48A0-BE17-78F50B3A48EA}.Release|x86.ActiveCfg = Release|Any CPU
		{92B5D079-9A89-48A0-BE17-78F50B3A48EA}.Release|x86.Build.0 = Release|Any CPU
		{81EC0502-46D9-494D-97DB-758BCAB5B68B}.Debug|Any CPU.ActiveCfg = Debug|Any CPU
		{81EC0502-46D9-494D-97DB-758BCAB5B68B}.Debug|Any CPU.Build.0 = Debug|Any CPU
		{81EC0502-46D9-494D-97DB-758BCAB5B68B}.Debug|x86.ActiveCfg = Debug|Any CPU
		{81EC0502-46D9-494D-97DB-758BCAB5B68B}.Debug|x86.Build.0 = Debug|Any CPU
		{81EC0502-46D9-494D-97DB-758BCAB5B68B}.Release|Any CPU.ActiveCfg = Release|Any CPU
		{81EC0502-46D9-494D-97DB-758BCAB5B68B}.Release|Any CPU.Build.0 = Release|Any CPU
		{81EC0502-46D9-494D-97DB-758BCAB5B68B}.Release|x86.ActiveCfg = Release|Any CPU
		{81EC0502-46D9-494D-97DB-758BCAB5B68B}.Release|x86.Build.0 = Release|Any CPU
		{4B4E9743-DD8F-4EE1-82E9-A67D8E6581BD}.Debug|Any CPU.ActiveCfg = Debug|Any CPU
		{4B4E9743-DD8F-4EE1-82E9-A67D8E6581BD}.Debug|Any CPU.Build.0 = Debug|Any CPU
		{4B4E9743-DD8F-4EE1-82E9-A67D8E6581BD}.Debug|x86.ActiveCfg = Debug|Any CPU
		{4B4E9743-DD8F-4EE1-82E9-A67D8E6581BD}.Debug|x86.Build.0 = Debug|Any CPU
		{4B4E9743-DD8F-4EE1-82E9-A67D8E6581BD}.Release|Any CPU.ActiveCfg = Release|Any CPU
		{4B4E9743-DD8F-4EE1-82E9-A67D8E6581BD}.Release|Any CPU.Build.0 = Release|Any CPU
		{4B4E9743-DD8F-4EE1-82E9-A67D8E6581BD}.Release|x86.ActiveCfg = Release|Any CPU
		{4B4E9743-DD8F-4EE1-82E9-A67D8E6581BD}.Release|x86.Build.0 = Release|Any CPU
		{FFECD8F9-D8F2-4DCF-8C3D-811F1B7C45EB}.Debug|Any CPU.ActiveCfg = Debug|Any CPU
		{FFECD8F9-D8F2-4DCF-8C3D-811F1B7C45EB}.Debug|Any CPU.Build.0 = Debug|Any CPU
		{FFECD8F9-D8F2-4DCF-8C3D-811F1B7C45EB}.Debug|x86.ActiveCfg = Debug|Any CPU
		{FFECD8F9-D8F2-4DCF-8C3D-811F1B7C45EB}.Debug|x86.Build.0 = Debug|Any CPU
		{FFECD8F9-D8F2-4DCF-8C3D-811F1B7C45EB}.Release|Any CPU.ActiveCfg = Release|Any CPU
		{FFECD8F9-D8F2-4DCF-8C3D-811F1B7C45EB}.Release|Any CPU.Build.0 = Release|Any CPU
		{FFECD8F9-D8F2-4DCF-8C3D-811F1B7C45EB}.Release|x86.ActiveCfg = Release|Any CPU
		{FFECD8F9-D8F2-4DCF-8C3D-811F1B7C45EB}.Release|x86.Build.0 = Release|Any CPU
		{F555DC29-9FF8-454B-8AC7-B7CA9B7CD1F5}.Debug|Any CPU.ActiveCfg = Debug|Any CPU
		{F555DC29-9FF8-454B-8AC7-B7CA9B7CD1F5}.Debug|Any CPU.Build.0 = Debug|Any CPU
		{F555DC29-9FF8-454B-8AC7-B7CA9B7CD1F5}.Debug|x86.ActiveCfg = Debug|Any CPU
		{F555DC29-9FF8-454B-8AC7-B7CA9B7CD1F5}.Debug|x86.Build.0 = Debug|Any CPU
		{F555DC29-9FF8-454B-8AC7-B7CA9B7CD1F5}.Release|Any CPU.ActiveCfg = Release|Any CPU
		{F555DC29-9FF8-454B-8AC7-B7CA9B7CD1F5}.Release|Any CPU.Build.0 = Release|Any CPU
		{F555DC29-9FF8-454B-8AC7-B7CA9B7CD1F5}.Release|x86.ActiveCfg = Release|Any CPU
		{F555DC29-9FF8-454B-8AC7-B7CA9B7CD1F5}.Release|x86.Build.0 = Release|Any CPU
		{FFFB2DBB-3B2B-43F4-801B-325FE666659F}.Debug|Any CPU.ActiveCfg = Debug|Any CPU
		{FFFB2DBB-3B2B-43F4-801B-325FE666659F}.Debug|Any CPU.Build.0 = Debug|Any CPU
		{FFFB2DBB-3B2B-43F4-801B-325FE666659F}.Debug|x86.ActiveCfg = Debug|Any CPU
		{FFFB2DBB-3B2B-43F4-801B-325FE666659F}.Debug|x86.Build.0 = Debug|Any CPU
		{FFFB2DBB-3B2B-43F4-801B-325FE666659F}.Release|Any CPU.ActiveCfg = Release|Any CPU
		{FFFB2DBB-3B2B-43F4-801B-325FE666659F}.Release|Any CPU.Build.0 = Release|Any CPU
		{FFFB2DBB-3B2B-43F4-801B-325FE666659F}.Release|x86.ActiveCfg = Release|Any CPU
		{FFFB2DBB-3B2B-43F4-801B-325FE666659F}.Release|x86.Build.0 = Release|Any CPU
		{0107499D-F160-46E2-AF0C-7DB57B090FC8}.Debug|Any CPU.ActiveCfg = Debug|Any CPU
		{0107499D-F160-46E2-AF0C-7DB57B090FC8}.Debug|Any CPU.Build.0 = Debug|Any CPU
		{0107499D-F160-46E2-AF0C-7DB57B090FC8}.Debug|x86.ActiveCfg = Debug|Any CPU
		{0107499D-F160-46E2-AF0C-7DB57B090FC8}.Debug|x86.Build.0 = Debug|Any CPU
		{0107499D-F160-46E2-AF0C-7DB57B090FC8}.Release|Any CPU.ActiveCfg = Release|Any CPU
		{0107499D-F160-46E2-AF0C-7DB57B090FC8}.Release|Any CPU.Build.0 = Release|Any CPU
		{0107499D-F160-46E2-AF0C-7DB57B090FC8}.Release|x86.ActiveCfg = Release|Any CPU
		{0107499D-F160-46E2-AF0C-7DB57B090FC8}.Release|x86.Build.0 = Release|Any CPU
		{7A9A7BBE-A135-4EF6-8541-BA031BC3FCC3}.Debug|Any CPU.ActiveCfg = Debug|Any CPU
		{7A9A7BBE-A135-4EF6-8541-BA031BC3FCC3}.Debug|Any CPU.Build.0 = Debug|Any CPU
		{7A9A7BBE-A135-4EF6-8541-BA031BC3FCC3}.Debug|x86.ActiveCfg = Debug|Any CPU
		{7A9A7BBE-A135-4EF6-8541-BA031BC3FCC3}.Debug|x86.Build.0 = Debug|Any CPU
		{7A9A7BBE-A135-4EF6-8541-BA031BC3FCC3}.Release|Any CPU.ActiveCfg = Release|Any CPU
		{7A9A7BBE-A135-4EF6-8541-BA031BC3FCC3}.Release|Any CPU.Build.0 = Release|Any CPU
		{7A9A7BBE-A135-4EF6-8541-BA031BC3FCC3}.Release|x86.ActiveCfg = Release|Any CPU
		{7A9A7BBE-A135-4EF6-8541-BA031BC3FCC3}.Release|x86.Build.0 = Release|Any CPU
	EndGlobalSection
	GlobalSection(SolutionProperties) = preSolution
		HideSolutionNode = FALSE
	EndGlobalSection
	GlobalSection(ExtensibilityGlobals) = postSolution
		SolutionGuid = {54E66612-EDE3-4486-B417-E14CAA27CA3A}
	EndGlobalSection
EndGlobal
