
Microsoft Visual Studio Solution File, Format Version 12.00
# Visual Studio Version 16
VisualStudioVersion = 16.0.30011.22
MinimumVisualStudioVersion = 10.0.40219.1
Project("{FAE04EC0-301F-11D3-BF4B-00C04F79EFBC}") = "VidAppDatabaseFirst", "VidAppDatabaseFirst\VidAppDatabaseFirst.csproj", "{7E1B409D-9A87-4D69-9676-1D026A7D2A4A}"
EndProject
Project("{FAE04EC0-301F-11D3-BF4B-00C04F79EFBC}") = "VidAppCodeFirst", "VidAppCodeFirst\VidAppCodeFirst.csproj", "{24E16348-CB54-489D-B8AC-89CFACFB3B81}"
EndProject
Global
	GlobalSection(SolutionConfigurationPlatforms) = preSolution
		Debug|Any CPU = Debug|Any CPU
		Release|Any CPU = Release|Any CPU
	EndGlobalSection
	GlobalSection(ProjectConfigurationPlatforms) = postSolution
		{7E1B409D-9A87-4D69-9676-1D026A7D2A4A}.Debug|Any CPU.ActiveCfg = Debug|Any CPU
		{7E1B409D-9A87-4D69-9676-1D026A7D2A4A}.Debug|Any CPU.Build.0 = Debug|Any CPU
		{7E1B409D-9A87-4D69-9676-1D026A7D2A4A}.Release|Any CPU.ActiveCfg = Release|Any CPU
		{7E1B409D-9A87-4D69-9676-1D026A7D2A4A}.Release|Any CPU.Build.0 = Release|Any CPU
		{24E16348-CB54-489D-B8AC-89CFACFB3B81}.Debug|Any CPU.ActiveCfg = Debug|Any CPU
		{24E16348-CB54-489D-B8AC-89CFACFB3B81}.Debug|Any CPU.Build.0 = Debug|Any CPU
		{24E16348-CB54-489D-B8AC-89CFACFB3B81}.Release|Any CPU.ActiveCfg = Release|Any CPU
		{24E16348-CB54-489D-B8AC-89CFACFB3B81}.Release|Any CPU.Build.0 = Release|Any CPU
	EndGlobalSection
	GlobalSection(SolutionProperties) = preSolution
		HideSolutionNode = FALSE
	EndGlobalSection
	GlobalSection(ExtensibilityGlobals) = postSolution
		SolutionGuid = {622C796F-EDCC-4BA9-984B-79F346981ED2}
	EndGlobalSection
EndGlobal
